
Microsoft Visual Studio Solution File, Format Version 12.00
# Visual Studio Version 18
VisualStudioVersion = 18.0.11205.157
MinimumVisualStudioVersion = 10.0.40219.1
Project("{9A19103F-16F7-4668-BE54-9A1E7A4F7556}") = "Quilt4Net.Toolkit", "Quilt4Net.Toolkit\Quilt4Net.Toolkit.csproj", "{D099F8AA-267D-4CB5-874D-99E84176EE0E}"
EndProject
Project("{9A19103F-16F7-4668-BE54-9A1E7A4F7556}") = "Quilt4Net.Toolkit.Tests", "Quilt4Net.Toolkit.Tests\Quilt4Net.Toolkit.Tests.csproj", "{B32C08ED-780A-48C5-9FC1-581D6C44B425}"
EndProject
Project("{9A19103F-16F7-4668-BE54-9A1E7A4F7556}") = "Quilt4Net.Toolkit.Api", "Quilt4Net.Toolkit.Api\Quilt4Net.Toolkit.Api.csproj", "{0B5BF53A-8939-4BDA-B27E-019F2743A865}"
EndProject
Project("{9A19103F-16F7-4668-BE54-9A1E7A4F7556}") = "Quilt4Net.Toolkit.Api.Tests", "Quilt4Net.Toolkit.Api.Tests\Quilt4Net.Toolkit.Api.Tests.csproj", "{DEADD446-3298-457D-9CD8-92F9DDA1E2BD}"
EndProject
Project("{2150E333-8FDC-42A3-9474-1A3956D46DE8}") = "Solution Items", "Solution Items", "{596754A9-C7FF-4A14-B6B5-B76F05C69BB2}"
	ProjectSection(SolutionItems) = preProject
		azure-pipelines.yml = azure-pipelines.yml
		buildnumber.yml = buildnumber.yml
		LICENSE = LICENSE
		README.md = README.md
	EndProjectSection
EndProject
Project("{2150E333-8FDC-42A3-9474-1A3956D46DE8}") = "Sample", "Sample", "{DE636D86-71E3-48D1-9C27-86D3A30F1256}"
EndProject
Project("{9A19103F-16F7-4668-BE54-9A1E7A4F7556}") = "Quilt4Net.Toolkit.Api.Sample", "Quilt4Net.Toolkit.Api.Sample\Quilt4Net.Toolkit.Api.Sample.csproj", "{0D4E18BF-F54E-4B67-859B-8D3E01D4F0FB}"
EndProject
Project("{FAE04EC0-301F-11D3-BF4B-00C04F79EFBC}") = "Quilt4Net.Toolkit.Blazor", "Quilt4Net.Toolkit.Blazor\Quilt4Net.Toolkit.Blazor.csproj", "{0423DA83-4A62-5DF3-7FC5-08A89F995291}"
EndProject
Project("{FAE04EC0-301F-11D3-BF4B-00C04F79EFBC}") = "Quilt4Net.Toolkit.Health", "Quilt4Net.Toolkit.Health\Quilt4Net.Toolkit.Health.csproj", "{9CF1E871-4D33-7CA2-DBC7-2D3406DE26F9}"
EndProject
Project("{FAE04EC0-301F-11D3-BF4B-00C04F79EFBC}") = "Quilt4Net.Toolkit.Health.Tests", "Quilt4Net.Toolkit.Health.Tests\Quilt4Net.Toolkit.Health.Tests.csproj", "{4F7F856B-EFCF-48E6-83B9-782E67A5C2D2}"
EndProject
Project("{FAE04EC0-301F-11D3-BF4B-00C04F79EFBC}") = "Quilt4Net.Toolkit.Blazor.Tests", "Quilt4Net.Toolkit.Blazor.Tests\Quilt4Net.Toolkit.Blazor.Tests.csproj", "{3B21C982-F39B-435E-A73A-690507CA3901}"
EndProject
Project("{FAE04EC0-301F-11D3-BF4B-00C04F79EFBC}") = "Quilt4Net.Toolkit.Blazor.Sample", "Quilt4Net.Toolkit.Blazor.Sample\Quilt4Net.Toolkit.Blazor.Sample.csproj", "{4939051C-8E03-44E7-B026-229663C2D874}"
EndProject
Project("{FAE04EC0-301F-11D3-BF4B-00C04F79EFBC}") = "Quilt4Net.Toolkit.Console.Sample", "Quilt4Net.Toolkit.Console.Sample\Quilt4Net.Toolkit.Console.Sample.csproj", "{3B8BDD7C-9AF4-4A8E-868C-CED909D2F004}"
EndProject
Global
	GlobalSection(SolutionConfigurationPlatforms) = preSolution
		Debug|Any CPU = Debug|Any CPU
		Debug|x64 = Debug|x64
		Debug|x86 = Debug|x86
		Release|Any CPU = Release|Any CPU
		Release|x64 = Release|x64
		Release|x86 = Release|x86
	EndGlobalSection
	GlobalSection(ProjectConfigurationPlatforms) = postSolution
		{D099F8AA-267D-4CB5-874D-99E84176EE0E}.Debug|Any CPU.ActiveCfg = Debug|Any CPU
		{D099F8AA-267D-4CB5-874D-99E84176EE0E}.Debug|Any CPU.Build.0 = Debug|Any CPU
		{D099F8AA-267D-4CB5-874D-99E84176EE0E}.Debug|x64.ActiveCfg = Debug|Any CPU
		{D099F8AA-267D-4CB5-874D-99E84176EE0E}.Debug|x64.Build.0 = Debug|Any CPU
		{D099F8AA-267D-4CB5-874D-99E84176EE0E}.Debug|x86.ActiveCfg = Debug|Any CPU
		{D099F8AA-267D-4CB5-874D-99E84176EE0E}.Debug|x86.Build.0 = Debug|Any CPU
		{D099F8AA-267D-4CB5-874D-99E84176EE0E}.Release|Any CPU.ActiveCfg = Release|Any CPU
		{D099F8AA-267D-4CB5-874D-99E84176EE0E}.Release|Any CPU.Build.0 = Release|Any CPU
		{D099F8AA-267D-4CB5-874D-99E84176EE0E}.Release|x64.ActiveCfg = Release|Any CPU
		{D099F8AA-267D-4CB5-874D-99E84176EE0E}.Release|x64.Build.0 = Release|Any CPU
		{D099F8AA-267D-4CB5-874D-99E84176EE0E}.Release|x86.ActiveCfg = Release|Any CPU
		{D099F8AA-267D-4CB5-874D-99E84176EE0E}.Release|x86.Build.0 = Release|Any CPU
		{B32C08ED-780A-48C5-9FC1-581D6C44B425}.Debug|Any CPU.ActiveCfg = Debug|Any CPU
		{B32C08ED-780A-48C5-9FC1-581D6C44B425}.Debug|Any CPU.Build.0 = Debug|Any CPU
		{B32C08ED-780A-48C5-9FC1-581D6C44B425}.Debug|x64.ActiveCfg = Debug|Any CPU
		{B32C08ED-780A-48C5-9FC1-581D6C44B425}.Debug|x64.Build.0 = Debug|Any CPU
		{B32C08ED-780A-48C5-9FC1-581D6C44B425}.Debug|x86.ActiveCfg = Debug|Any CPU
		{B32C08ED-780A-48C5-9FC1-581D6C44B425}.Debug|x86.Build.0 = Debug|Any CPU
		{B32C08ED-780A-48C5-9FC1-581D6C44B425}.Release|Any CPU.ActiveCfg = Release|Any CPU
		{B32C08ED-780A-48C5-9FC1-581D6C44B425}.Release|Any CPU.Build.0 = Release|Any CPU
		{B32C08ED-780A-48C5-9FC1-581D6C44B425}.Release|x64.ActiveCfg = Release|Any CPU
		{B32C08ED-780A-48C5-9FC1-581D6C44B425}.Release|x64.Build.0 = Release|Any CPU
		{B32C08ED-780A-48C5-9FC1-581D6C44B425}.Release|x86.ActiveCfg = Release|Any CPU
		{B32C08ED-780A-48C5-9FC1-581D6C44B425}.Release|x86.Build.0 = Release|Any CPU
		{0B5BF53A-8939-4BDA-B27E-019F2743A865}.Debug|Any CPU.ActiveCfg = Debug|Any CPU
		{0B5BF53A-8939-4BDA-B27E-019F2743A865}.Debug|Any CPU.Build.0 = Debug|Any CPU
		{0B5BF53A-8939-4BDA-B27E-019F2743A865}.Debug|x64.ActiveCfg = Debug|Any CPU
		{0B5BF53A-8939-4BDA-B27E-019F2743A865}.Debug|x64.Build.0 = Debug|Any CPU
		{0B5BF53A-8939-4BDA-B27E-019F2743A865}.Debug|x86.ActiveCfg = Debug|Any CPU
		{0B5BF53A-8939-4BDA-B27E-019F2743A865}.Debug|x86.Build.0 = Debug|Any CPU
		{0B5BF53A-8939-4BDA-B27E-019F2743A865}.Release|Any CPU.ActiveCfg = Release|Any CPU
		{0B5BF53A-8939-4BDA-B27E-019F2743A865}.Release|Any CPU.Build.0 = Release|Any CPU
		{0B5BF53A-8939-4BDA-B27E-019F2743A865}.Release|x64.ActiveCfg = Release|Any CPU
		{0B5BF53A-8939-4BDA-B27E-019F2743A865}.Release|x64.Build.0 = Release|Any CPU
		{0B5BF53A-8939-4BDA-B27E-019F2743A865}.Release|x86.ActiveCfg = Release|Any CPU
		{0B5BF53A-8939-4BDA-B27E-019F2743A865}.Release|x86.Build.0 = Release|Any CPU
		{DEADD446-3298-457D-9CD8-92F9DDA1E2BD}.Debug|Any CPU.ActiveCfg = Debug|Any CPU
		{DEADD446-3298-457D-9CD8-92F9DDA1E2BD}.Debug|Any CPU.Build.0 = Debug|Any CPU
		{DEADD446-3298-457D-9CD8-92F9DDA1E2BD}.Debug|x64.ActiveCfg = Debug|Any CPU
		{DEADD446-3298-457D-9CD8-92F9DDA1E2BD}.Debug|x64.Build.0 = Debug|Any CPU
		{DEADD446-3298-457D-9CD8-92F9DDA1E2BD}.Debug|x86.ActiveCfg = Debug|Any CPU
		{DEADD446-3298-457D-9CD8-92F9DDA1E2BD}.Debug|x86.Build.0 = Debug|Any CPU
		{DEADD446-3298-457D-9CD8-92F9DDA1E2BD}.Release|Any CPU.ActiveCfg = Release|Any CPU
		{DEADD446-3298-457D-9CD8-92F9DDA1E2BD}.Release|Any CPU.Build.0 = Release|Any CPU
		{DEADD446-3298-457D-9CD8-92F9DDA1E2BD}.Release|x64.ActiveCfg = Release|Any CPU
		{DEADD446-3298-457D-9CD8-92F9DDA1E2BD}.Release|x64.Build.0 = Release|Any CPU
		{DEADD446-3298-457D-9CD8-92F9DDA1E2BD}.Release|x86.ActiveCfg = Release|Any CPU
		{DEADD446-3298-457D-9CD8-92F9DDA1E2BD}.Release|x86.Build.0 = Release|Any CPU
		{0D4E18BF-F54E-4B67-859B-8D3E01D4F0FB}.Debug|Any CPU.ActiveCfg = Debug|Any CPU
		{0D4E18BF-F54E-4B67-859B-8D3E01D4F0FB}.Debug|Any CPU.Build.0 = Debug|Any CPU
		{0D4E18BF-F54E-4B67-859B-8D3E01D4F0FB}.Debug|x64.ActiveCfg = Debug|Any CPU
		{0D4E18BF-F54E-4B67-859B-8D3E01D4F0FB}.Debug|x64.Build.0 = Debug|Any CPU
		{0D4E18BF-F54E-4B67-859B-8D3E01D4F0FB}.Debug|x86.ActiveCfg = Debug|Any CPU
		{0D4E18BF-F54E-4B67-859B-8D3E01D4F0FB}.Debug|x86.Build.0 = Debug|Any CPU
		{0D4E18BF-F54E-4B67-859B-8D3E01D4F0FB}.Release|Any CPU.ActiveCfg = Release|Any CPU
		{0D4E18BF-F54E-4B67-859B-8D3E01D4F0FB}.Release|Any CPU.Build.0 = Release|Any CPU
		{0D4E18BF-F54E-4B67-859B-8D3E01D4F0FB}.Release|x64.ActiveCfg = Release|Any CPU
		{0D4E18BF-F54E-4B67-859B-8D3E01D4F0FB}.Release|x64.Build.0 = Release|Any CPU
		{0D4E18BF-F54E-4B67-859B-8D3E01D4F0FB}.Release|x86.ActiveCfg = Release|Any CPU
		{0D4E18BF-F54E-4B67-859B-8D3E01D4F0FB}.Release|x86.Build.0 = Release|Any CPU
		{0423DA83-4A62-5DF3-7FC5-08A89F995291}.Debug|Any CPU.ActiveCfg = Debug|Any CPU
		{0423DA83-4A62-5DF3-7FC5-08A89F995291}.Debug|Any CPU.Build.0 = Debug|Any CPU
		{0423DA83-4A62-5DF3-7FC5-08A89F995291}.Debug|x64.ActiveCfg = Debug|Any CPU
		{0423DA83-4A62-5DF3-7FC5-08A89F995291}.Debug|x64.Build.0 = Debug|Any CPU
		{0423DA83-4A62-5DF3-7FC5-08A89F995291}.Debug|x86.ActiveCfg = Debug|Any CPU
		{0423DA83-4A62-5DF3-7FC5-08A89F995291}.Debug|x86.Build.0 = Debug|Any CPU
		{0423DA83-4A62-5DF3-7FC5-08A89F995291}.Release|Any CPU.ActiveCfg = Release|Any CPU
		{0423DA83-4A62-5DF3-7FC5-08A89F995291}.Release|Any CPU.Build.0 = Release|Any CPU
		{0423DA83-4A62-5DF3-7FC5-08A89F995291}.Release|x64.ActiveCfg = Release|Any CPU
		{0423DA83-4A62-5DF3-7FC5-08A89F995291}.Release|x64.Build.0 = Release|Any CPU
		{0423DA83-4A62-5DF3-7FC5-08A89F995291}.Release|x86.ActiveCfg = Release|Any CPU
		{0423DA83-4A62-5DF3-7FC5-08A89F995291}.Release|x86.Build.0 = Release|Any CPU
		{9CF1E871-4D33-7CA2-DBC7-2D3406DE26F9}.Debug|Any CPU.ActiveCfg = Debug|Any CPU
		{9CF1E871-4D33-7CA2-DBC7-2D3406DE26F9}.Debug|Any CPU.Build.0 = Debug|Any CPU
		{9CF1E871-4D33-7CA2-DBC7-2D3406DE26F9}.Debug|x64.ActiveCfg = Debug|Any CPU
		{9CF1E871-4D33-7CA2-DBC7-2D3406DE26F9}.Debug|x64.Build.0 = Debug|Any CPU
		{9CF1E871-4D33-7CA2-DBC7-2D3406DE26F9}.Debug|x86.ActiveCfg = Debug|Any CPU
		{9CF1E871-4D33-7CA2-DBC7-2D3406DE26F9}.Debug|x86.Build.0 = Debug|Any CPU
		{9CF1E871-4D33-7CA2-DBC7-2D3406DE26F9}.Release|Any CPU.ActiveCfg = Release|Any CPU
		{9CF1E871-4D33-7CA2-DBC7-2D3406DE26F9}.Release|Any CPU.Build.0 = Release|Any CPU
		{9CF1E871-4D33-7CA2-DBC7-2D3406DE26F9}.Release|x64.ActiveCfg = Release|Any CPU
		{9CF1E871-4D33-7CA2-DBC7-2D3406DE26F9}.Release|x64.Build.0 = Release|Any CPU
		{9CF1E871-4D33-7CA2-DBC7-2D3406DE26F9}.Release|x86.ActiveCfg = Release|Any CPU
		{9CF1E871-4D33-7CA2-DBC7-2D3406DE26F9}.Release|x86.Build.0 = Release|Any CPU
		{4F7F856B-EFCF-48E6-83B9-782E67A5C2D2}.Debug|Any CPU.ActiveCfg = Debug|Any CPU
		{4F7F856B-EFCF-48E6-83B9-782E67A5C2D2}.Debug|Any CPU.Build.0 = Debug|Any CPU
		{4F7F856B-EFCF-48E6-83B9-782E67A5C2D2}.Debug|x64.ActiveCfg = Debug|Any CPU
		{4F7F856B-EFCF-48E6-83B9-782E67A5C2D2}.Debug|x64.Build.0 = Debug|Any CPU
		{4F7F856B-EFCF-48E6-83B9-782E67A5C2D2}.Debug|x86.ActiveCfg = Debug|Any CPU
		{4F7F856B-EFCF-48E6-83B9-782E67A5C2D2}.Debug|x86.Build.0 = Debug|Any CPU
		{4F7F856B-EFCF-48E6-83B9-782E67A5C2D2}.Release|Any CPU.ActiveCfg = Release|Any CPU
		{4F7F856B-EFCF-48E6-83B9-782E67A5C2D2}.Release|Any CPU.Build.0 = Release|Any CPU
		{4F7F856B-EFCF-48E6-83B9-782E67A5C2D2}.Release|x64.ActiveCfg = Release|Any CPU
		{4F7F856B-EFCF-48E6-83B9-782E67A5C2D2}.Release|x64.Build.0 = Release|Any CPU
		{4F7F856B-EFCF-48E6-83B9-782E67A5C2D2}.Release|x86.ActiveCfg = Release|Any CPU
		{4F7F856B-EFCF-48E6-83B9-782E67A5C2D2}.Release|x86.Build.0 = Release|Any CPU
		{3B21C982-F39B-435E-A73A-690507CA3901}.Debug|Any CPU.ActiveCfg = Debug|Any CPU
		{3B21C982-F39B-435E-A73A-690507CA3901}.Debug|Any CPU.Build.0 = Debug|Any CPU
		{3B21C982-F39B-435E-A73A-690507CA3901}.Debug|x64.ActiveCfg = Debug|Any CPU
		{3B21C982-F39B-435E-A73A-690507CA3901}.Debug|x64.Build.0 = Debug|Any CPU
		{3B21C982-F39B-435E-A73A-690507CA3901}.Debug|x86.ActiveCfg = Debug|Any CPU
		{3B21C982-F39B-435E-A73A-690507CA3901}.Debug|x86.Build.0 = Debug|Any CPU
		{3B21C982-F39B-435E-A73A-690507CA3901}.Release|Any CPU.ActiveCfg = Release|Any CPU
		{3B21C982-F39B-435E-A73A-690507CA3901}.Release|Any CPU.Build.0 = Release|Any CPU
		{3B21C982-F39B-435E-A73A-690507CA3901}.Release|x64.ActiveCfg = Release|Any CPU
		{3B21C982-F39B-435E-A73A-690507CA3901}.Release|x64.Build.0 = Release|Any CPU
		{3B21C982-F39B-435E-A73A-690507CA3901}.Release|x86.ActiveCfg = Release|Any CPU
		{3B21C982-F39B-435E-A73A-690507CA3901}.Release|x86.Build.0 = Release|Any CPU
		{4939051C-8E03-44E7-B026-229663C2D874}.Debug|Any CPU.ActiveCfg = Debug|Any CPU
		{4939051C-8E03-44E7-B026-229663C2D874}.Debug|Any CPU.Build.0 = Debug|Any CPU
		{4939051C-8E03-44E7-B026-229663C2D874}.Debug|x64.ActiveCfg = Debug|Any CPU
		{4939051C-8E03-44E7-B026-229663C2D874}.Debug|x64.Build.0 = Debug|Any CPU
		{4939051C-8E03-44E7-B026-229663C2D874}.Debug|x86.ActiveCfg = Debug|Any CPU
		{4939051C-8E03-44E7-B026-229663C2D874}.Debug|x86.Build.0 = Debug|Any CPU
		{4939051C-8E03-44E7-B026-229663C2D874}.Release|Any CPU.ActiveCfg = Release|Any CPU
		{4939051C-8E03-44E7-B026-229663C2D874}.Release|Any CPU.Build.0 = Release|Any CPU
		{4939051C-8E03-44E7-B026-229663C2D874}.Release|x64.ActiveCfg = Release|Any CPU
		{4939051C-8E03-44E7-B026-229663C2D874}.Release|x64.Build.0 = Release|Any CPU
		{4939051C-8E03-44E7-B026-229663C2D874}.Release|x86.ActiveCfg = Release|Any CPU
		{4939051C-8E03-44E7-B026-229663C2D874}.Release|x86.Build.0 = Release|Any CPU
		{3B8BDD7C-9AF4-4A8E-868C-CED909D2F004}.Debug|Any CPU.ActiveCfg = Debug|Any CPU
		{3B8BDD7C-9AF4-4A8E-868C-CED909D2F004}.Debug|Any CPU.Build.0 = Debug|Any CPU
		{3B8BDD7C-9AF4-4A8E-868C-CED909D2F004}.Debug|x64.ActiveCfg = Debug|Any CPU
		{3B8BDD7C-9AF4-4A8E-868C-CED909D2F004}.Debug|x64.Build.0 = Debug|Any CPU
		{3B8BDD7C-9AF4-4A8E-868C-CED909D2F004}.Debug|x86.ActiveCfg = Debug|Any CPU
		{3B8BDD7C-9AF4-4A8E-868C-CED909D2F004}.Debug|x86.Build.0 = Debug|Any CPU
		{3B8BDD7C-9AF4-4A8E-868C-CED909D2F004}.Release|Any CPU.ActiveCfg = Release|Any CPU
		{3B8BDD7C-9AF4-4A8E-868C-CED909D2F004}.Release|Any CPU.Build.0 = Release|Any CPU
		{3B8BDD7C-9AF4-4A8E-868C-CED909D2F004}.Release|x64.ActiveCfg = Release|Any CPU
		{3B8BDD7C-9AF4-4A8E-868C-CED909D2F004}.Release|x64.Build.0 = Release|Any CPU
		{3B8BDD7C-9AF4-4A8E-868C-CED909D2F004}.Release|x86.ActiveCfg = Release|Any CPU
		{3B8BDD7C-9AF4-4A8E-868C-CED909D2F004}.Release|x86.Build.0 = Release|Any CPU
	EndGlobalSection
	GlobalSection(SolutionProperties) = preSolution
		HideSolutionNode = FALSE
	EndGlobalSection
	GlobalSection(NestedProjects) = preSolution
		{0D4E18BF-F54E-4B67-859B-8D3E01D4F0FB} = {DE636D86-71E3-48D1-9C27-86D3A30F1256}
	EndGlobalSection
	GlobalSection(ExtensibilityGlobals) = postSolution
		SolutionGuid = {1DAEB613-C452-410F-8FD5-94CAB7BD56CE}
	EndGlobalSection
EndGlobal
